lockfileVersion: '9.0'

settings:
  autoInstallPeers: true
  excludeLinksFromLockfile: false

importers:

  .:
    devDependencies:
      '@geckoai/class-mirror':
        specifier: ^1.0.2
        version: 1.0.2
      '@geckoai/class-transformer':
        specifier: ^1.0.2
        version: 1.0.2
      '@geckoai/gecko-core':
        specifier: ^1.0.3
        version: 1.0.3(reflect-metadata@0.2.2)(typescript@4.9.5)
      '@geckoai/http':
        specifier: ^2.0.2
        version: 2.0.2
      '@geckoai/platform-react':
        specifier: ^1.0.11
        version: 1.0.11(react@19.1.0)(reflect-metadata@0.2.2)(typescript@4.9.5)
      '@types/qs':
        specifier: ^6.14.0
        version: 6.14.0
      '@types/react':
        specifier: ^19.1.7
        version: 19.1.8
      qs:
        specifier: ^6.13.0
        version: 6.14.0
      react:
        specifier: ^19.1.0
        version: 19.1.0
      react-router-dom:
        specifier: ^7.5.3
        version: 7.6.3(react-dom@19.1.0(react@19.1.0))(react@19.1.0)
      rxjs:
        specifier: ^7.8.2
        version: 7.8.2
      typedoc:
        specifier: ^0.28.5
        version: 0.28.7(typescript@4.9.5)
      typescript:
        specifier: 4.9.5
        version: 4.9.5

packages:

  '@geckoai/class-mirror@1.0.2':
    resolution: {integrity: sha512-0ShYTH9Ki7ZULP/qqlEcExsL8lyRxqAHJUi8s2F/ONtJYiEYT21ecONUYumCZFAp/TvlEultFrt+vN2KO47gcw==}

  '@geckoai/class-transformer@1.0.2':
    resolution: {integrity: sha512-R44+QEXTZ2D4CITU1QDZYMcR+f84kCzfwLR25eHTVmClo4FvCn5FAyux4+LW7G9B9EFgHUV+u6jNWlEoFG7Zmw==}

  '@geckoai/gecko-core@1.0.3':
    resolution: {integrity: sha512-b4eeEU1N1SN+44MwNFAZokgoeuPTTIBnFoZ2VqyN2DwqXaHq8jjZ9QaHtjSf7B6Z9PVglp4RWBXxBa2MhguZxw==}
    peerDependencies:
      typescript: ^3.2.1 || ^4

  '@geckoai/http@2.0.2':
    resolution: {integrity: sha512-RNTCtDoq2yP1rlMAlOKOA1pHuRaIkiczIf0b0/VLHHOdLYv78XisaDm+lJKQLE9bLFyVejj8moQsNFEBoGGXuA==}

  '@geckoai/platform-react@1.0.11':
    resolution: {integrity: sha512-p3rFmXVztGInusboaNxaKd70J1Irm9AoJxaMa7erwjuKV/gGDJuR6Ki0+nQsrF+sE0H3zK0eL2Z2Qp9LsC4xHQ==}
    peerDependencies:
      react: '>= 16'
      typescript: ^3.2.1 || ^4

  '@gerrit0/mini-shiki@3.8.0':
    resolution: {integrity: sha512-tloLVqvvoyv636PilYZwNhCmZ+xxgRicysMvpKdZ4Y6+9IH6v4lp7GodbDDncApNQjflwTSnXuYQoe3el5C59w==}

  '@inversifyjs/common@1.5.2':
    resolution: {integrity: sha512-WlzR9xGadABS9gtgZQ+luoZ8V6qm4Ii6RQfcfC9Ho2SOlE6ZuemFo7PKJvKI0ikm8cmKbU8hw5UK6E4qovH21w==}

  '@inversifyjs/container@1.11.1':
    resolution: {integrity: sha512-MhgriyCm/lihOoo/ydGyBwZsKT6bUGAqQ+JM2i5JGgINLJx2g7Unt4bK+cFepHBh+um0M34VlRZFczmsHJhTSw==}
    peerDependencies:
      reflect-metadata: ~0.2.2

  '@inversifyjs/core@5.4.0':
    resolution: {integrity: sha512-ZQXfPvXmIlzWs/K8n8R5AFBHk55gV7xEjKtKv1dvS3K6f8wEVXeHij9Zh0tqp2pvEyiuxv0UHPBONpE84DuYcg==}

  '@inversifyjs/plugin@0.2.0':
    resolution: {integrity: sha512-R/JAdkTSD819pV1zi0HP54mWHyX+H2m8SxldXRgPQarS3ySV4KPyRdosWcfB8Se0JJZWZLHYiUNiS6JvMWSPjw==}

  '@inversifyjs/prototype-utils@0.1.2':
    resolution: {integrity: sha512-WZAEycwVd8zVCPCQ7GRzuQmjYF7X5zbjI9cGigDbBoTHJ8y5US9om00IAp0RYislO+fYkMzgcB2SnlIVIzyESA==}

  '@inversifyjs/reflect-metadata-utils@1.2.0':
    resolution: {integrity: sha512-EvXdBP+IjAZ3QKWFWGDzWLacyng9RMohtZ0c0EPUmvbaF4wgfwrE6n92ilt9aGwdbE5roGmDTmoRSmvavVOtIA==}
    peerDependencies:
      reflect-metadata: 0.2.2

  '@shikijs/engine-oniguruma@3.8.0':
    resolution: {integrity: sha512-Tx7kR0oFzqa+rY7t80LjN8ZVtHO3a4+33EUnBVx2qYP3fGxoI9H0bvnln5ySelz9SIUTsS0/Qn+9dg5zcUMsUw==}

  '@shikijs/langs@3.8.0':
    resolution: {integrity: sha512-mfGYuUgjQ5GgXinB5spjGlBVhG2crKRpKkfADlp8r9k/XvZhtNXxyOToSnCEnF0QNiZnJjlt5MmU9PmhRdwAbg==}

  '@shikijs/themes@3.8.0':
    resolution: {integrity: sha512-yaZiLuyO23sXe16JFU76KyUMTZCJi4EMQKIrdQt7okoTzI4yAaJhVXT2Uy4k8yBIEFRiia5dtD7gC1t8m6y3oQ==}

  '@shikijs/types@3.8.0':
    resolution: {integrity: sha512-I/b/aNg0rP+kznVDo7s3UK8jMcqEGTtoPDdQ+JlQ2bcJIyu/e2iRvl42GLIDMK03/W1YOHOuhlhQ7aM+XbKUeg==}

  '@shikijs/vscode-textmate@10.0.2':
    resolution: {integrity: sha512-83yeghZ2xxin3Nj8z1NMd/NCuca+gsYXswywDy5bHvwlWL8tpTQmzGeUuHd9FC3E/SBEMvzJRwWEOz5gGes9Qg==}

  '@types/hast@3.0.4':
    resolution: {integrity: sha512-WPs+bbQw5aCj+x6laNGWLH3wviHtoCv/P3+otBhbOhJgG8qtpdAMlTCxLtsTWA7LH1Oh/bFCHsBn0TPS5m30EQ==}

  '@types/lodash.merge@4.6.9':
    resolution: {integrity: sha512-23sHDPmzd59kUgWyKGiOMO2Qb9YtqRO/x4IhkgNUiPQ1+5MUVqi6bCZeq9nBJ17msjIMbEIO5u+XW4Kz6aGUhQ==}

  '@types/lodash@4.17.20':
    resolution: {integrity: sha512-H3MHACvFUEiujabxhaI/ImO6gUrd8oOurg7LQtS7mbwIXA/cUqWrvBsaeJ23aZEPk1TAYkurjfMbSELfoCXlGA==}

  '@types/node@20.16.5':
    resolution: {integrity: sha512-VwYCweNo3ERajwy0IUlqqcyZ8/A7Zwa9ZP3MnENWcB11AejO+tLy3pu850goUW2FC/IJMdZUfKpX/yxL1gymCA==}

  '@types/qs@6.14.0':
    resolution: {integrity: sha512-eOunJqu0K1923aExK6y8p6fsihYEn/BYuQ4g0CxAAgFc4b/ZLN4CrsRZ55srTdqoiLzU2B2evC+apEIxprEzkQ==}

  '@types/react-dom@19.1.6':
    resolution: {integrity: sha512-4hOiT/dwO8Ko0gV1m/TJZYk3y0KBnY9vzDh7W+DH17b2HFSOGgdj33dhihPeuy3l0q23+4e+hoXHV6hCC4dCXw==}
    peerDependencies:
      '@types/react': ^19.0.0

  '@types/react@19.1.8':
    resolution: {integrity: sha512-AwAfQ2Wa5bCx9WP8nZL2uMZWod7J7/JSplxbTmBQ5ms6QpqNYm672H0Vu9ZVKVngQ+ii4R/byguVEUZQyeg44g==}

  '@types/unist@3.0.3':
    resolution: {integrity: sha512-ko/gIFJRv177XgZsZcBwnqJN5x/Gien8qNOn0D5bQU/zAzVf9Zt3BlcUiLqhV9y4ARk0GbT3tnUiPNgnTXzc/Q==}

  '@types/validator@13.15.2':
    resolution: {integrity: sha512-y7pa/oEJJ4iGYBxOpfAKn5b9+xuihvzDVnC/OSvlVnGxVg0pOqmjiMafiJ1KVNQEaPZf9HsEp5icEwGg8uIe5Q==}

  argparse@2.0.1:
    resolution: {integrity: sha512-8+9WqebbFzpX9OR+Wa6O29asIogeRMzcGtAINdpMHHyAg10f05aSFVBbcEqGf/PXw1EjAZ+q2/bEBg3DvurK3Q==}

  asynckit@0.4.0:
    resolution: {integrity: sha512-Oei9OH4tRh0YqU3GxhX79dM/mwVgvbZJaSNaRk+bshkj0S5cfHcgYakreBjrHwatXKbz+IoIdYLxrKim2MjW0Q==}

  axios@1.10.0:
    resolution: {integrity: sha512-/1xYAC4MP/HEG+3duIhFr4ZQXR4sQXOIe+o6sdqzeykGLx6Upp/1p8MHqhINOvGeP7xyNHe7tsiJByc4SSVUxw==}

  balanced-match@1.0.2:
    resolution: {integrity: sha512-3oSeUO0TMV67hN1AmbXsK4yaqU7tjiHlbxRDZOpH0KW9+CeX4bRAaX0Anxt0tx2MrpRpWwQaPwIlISEJhYU5Pw==}

  brace-expansion@2.0.2:
    resolution: {integrity: sha512-Jt0vHyM+jmUBqojB7E1NIYadt0vI0Qxjxd2TErW94wDz+E2LAm5vKMXXwg6ZZBTHPuUlDgQHKXvjGBdfcF1ZDQ==}

  call-bind-apply-helpers@1.0.2:
    resolution: {integrity: sha512-Sp1ablJ0ivDkSzjcaJdxEunN5/XvksFJ2sMBFfq6x0ryhQV/2b/KwFe21cMpmHtPOSij8K99/wSfoEuTObmuMQ==}
    engines: {node: '>= 0.4'}

  call-bound@1.0.4:
    resolution: {integrity: sha512-+ys997U96po4Kx/ABpBCqhA9EuxJaQWDQg7295H4hBphv3IZg0boBKuwYpt4YXp6MZ5AmZQnU/tyMTlRpaSejg==}
    engines: {node: '>= 0.4'}

  combined-stream@1.0.8:
    resolution: {integrity: sha512-FQN4MRfuJeHf7cBbBMJFXhKSDq+2kAArBlmRBvcvFE5BB1HZKXtSFASDhdlz9zOYwxh8lDdnvmMOe/+5cdoEdg==}
    engines: {node: '>= 0.8'}

  cookie@1.0.2:
    resolution: {integrity: sha512-9Kr/j4O16ISv8zBBhJoi4bXOYNTkFLOqSL3UDB0njXxCXNezjeyVrJyGOWtgfs/q2km1gwBcfH8q1yEGoMYunA==}
    engines: {node: '>=18'}

  csstype@3.1.3:
    resolution: {integrity: sha512-M1uQkMl8rQK/szD0LNhtqxIPLpimGm8sOBwU7lLnCpSbTyY3yeU1Vc7l4KT5zT4s/yOxHH5O7tIuuLOCnLADRw==}

  delayed-stream@1.0.0:
    resolution: {integrity: sha512-ZySD7Nf91aLB0RxL4KGrKHBXl7Eds1DAmEdcoVawXnLD7SDhpNgtuII2aAkg7a7QS41jxPSZ17p4VdGnMHk3MQ==}
    engines: {node: '>=0.4.0'}

  dunder-proto@1.0.1:
    resolution: {integrity: sha512-KIN/nDJBQRcXw0MLVhZE9iQHmG68qAVIBg9CqmUYjmQIhgij9U5MFvrqkUL5FbtyyzZuOeOt0zdeRe4UY7ct+A==}
    engines: {node: '>= 0.4'}

  entities@4.5.0:
    resolution: {integrity: sha512-V0hjH4dGPh9Ao5p0MoRY6BVqtwCjhz6vI5LT8AJ55H+4g9/4vbHx1I54fS0XuclLhDHArPQCiMjDxjaL8fPxhw==}
    engines: {node: '>=0.12'}

  es-define-property@1.0.1:
    resolution: {integrity: sha512-e3nRfgfUZ4rNGL232gUgX06QNyyez04KdjFrF+LTRoOXmrOgFKDg4BCdsjW8EnT69eqdYGmRpJwiPVYNrCaW3g==}
    engines: {node: '>= 0.4'}

  es-errors@1.3.0:
    resolution: {integrity: sha512-Zf5H2Kxt2xjTvbJvP2ZWLEICxA6j+hAmMzIlypy4xcBg1vKVnx89Wy0GbS+kf5cwCVFFzdCFh2XSCFNULS6csw==}
    engines: {node: '>= 0.4'}

  es-object-atoms@1.1.1:
    resolution: {integrity: sha512-FGgH2h8zKNim9ljj7dankFPcICIK9Cp5bm+c2gQSYePhpaG5+esrLODihIorn+Pe6FGJzWhXQotPv73jTaldXA==}
    engines: {node: '>= 0.4'}

  es-set-tostringtag@2.1.0:
    resolution: {integrity: sha512-j6vWzfrGVfyXxge+O0x5sh6cvxAog0a/4Rdd2K36zCMV5eJ+/+tOAngRO8cODMNWbVRdVlmGZQL2YS3yR8bIUA==}
    engines: {node: '>= 0.4'}

  follow-redirects@1.15.9:
    resolution: {integrity: sha512-gew4GsXizNgdoRyqmyfMHyAmXsZDk6mHkSxZFCzW9gwlbtOW44CDtYavM+y+72qD/Vq2l550kMF52DT8fOLJqQ==}
    engines: {node: '>=4.0'}
    peerDependencies:
      debug: '*'
    peerDependenciesMeta:
      debug:
        optional: true

  form-data@4.0.3:
    resolution: {integrity: sha512-qsITQPfmvMOSAdeyZ+12I1c+CKSstAFAwu+97zrnWAbIr5u8wfsExUzCesVLC8NgHuRUqNN4Zy6UPWUTRGslcA==}
    engines: {node: '>= 6'}

  function-bind@1.1.2:
    resolution: {integrity: sha512-7XHNxH7qX9xG5mIwxkhumTox/MIRNcOgDrxWsMt2pAr23WHp6MrRlN7FBSFpCpr+oVO0F744iUgR82nJMfG2SA==}

  get-intrinsic@1.3.0:
    resolution: {integrity: sha512-9fSjSaos/fRIVIp+xSJlE6lfwhES7LNtKaCBIamHsjr2na1BiABJPo0mOjjz8GJDURarmCPGqaiVg5mfjb98CQ==}
    engines: {node: '>= 0.4'}

  get-proto@1.0.1:
    resolution: {integrity: sha512-sTSfBjoXBp89JvIKIefqw7U2CCebsc74kiY6awiGogKtoSGbgjYE/G/+l9sF3MWFPNc9IcoOC4ODfKHfxFmp0g==}
    engines: {node: '>= 0.4'}

  gopd@1.2.0:
    resolution: {integrity: sha512-ZUKRh6/kUFoAiTAtTYPZJ3hw9wNxx+BIBOijnlG9PnrJsCcSjs1wyyD6vJpaYtgnzDrKYRSqf3OO6Rfa93xsRg==}
    engines: {node: '>= 0.4'}

  has-symbols@1.1.0:
    resolution: {integrity: sha512-1cDNdwJ2Jaohmb3sg4OmKaMBwuC48sYni5HUw2DvsC8LjGTLK9h+eb1X6RyuOHe4hT0ULCW68iomhjUoKUqlPQ==}
    engines: {node: '>= 0.4'}

  has-tostringtag@1.0.2:
    resolution: {integrity: sha512-NqADB8VjPFLM2V0VvHUewwwsw0ZWBaIdgo+ieHtK3hasLz4qeCRjYcqfB6AQrBggRKppKF8L52/VqdVsO47Dlw==}
    engines: {node: '>= 0.4'}

  hasown@2.0.2:
    resolution: {integrity: sha512-0hJU9SCPvmMzIBdZFqNPXWa6dqh7WdH0cII9y+CyS8rG3nL48Bclra9HmKhVVUHyPWNH5Y7xDwAB7bfgSjkUMQ==}
    engines: {node: '>= 0.4'}

  inversify@7.6.1:
    resolution: {integrity: sha512-a4bN7pjKP+h5ABNsf7vQNU0S5P/44RFqcUpFWXZLGEJuedF5ux3CvWGn2TfSbVbk3r7hNto6G3tR0j70nbFDKw==}
    peerDependencies:
      reflect-metadata: ~0.2.2

  linkify-it@5.0.0:
    resolution: {integrity: sha512-5aHCbzQRADcdP+ATqnDuhhJ/MRIqDkZX5pyjFHRRysS8vZ5AbqGEoFIb6pYHPZ+L/OC2Lc+xT8uHVVR5CAK/wQ==}

  lodash.merge@4.6.2:
    resolution: {integrity: sha512-0KpjqXRVvrYyCsX1swR/XTK0va6VQkQM6MNo7PqW77ByjAhoARA8EfrP1N4+KlKj8YS0ZUCtRT/YUuhyYDujIQ==}

  lunr@2.3.9:
    resolution: {integrity: sha512-zTU3DaZaF3Rt9rhN3uBMGQD3dD2/vFQqnvZCDv4dl5iOzq2IZQqTxu90r4E5J+nP70J3ilqVCrbho2eWaeW8Ow==}

  markdown-it@14.1.0:
    resolution: {integrity: sha512-a54IwgWPaeBCAAsv13YgmALOF1elABB08FxO9i+r4VFk5Vl4pKokRPeX8u5TCgSsPi6ec1otfLjdOpVcgbpshg==}
    hasBin: true

  math-intrinsics@1.1.0:
    resolution: {integrity: sha512-/IXtbwEk5HTPyEwyKX6hGkYXxM9nbj64B+ilVJnC/R6B0pH5G4V3b0pVbL7DBj4tkhBAppbQUlf6F6Xl9LHu1g==}
    engines: {node: '>= 0.4'}

  mdurl@2.0.0:
    resolution: {integrity: sha512-Lf+9+2r+Tdp5wXDXC4PcIBjTDtq4UKjCPMQhKIuzpJNW0b96kVqSwW0bT7FhRSfmAiFYgP+SCRvdrDozfh0U5w==}

  mime-db@1.52.0:
    resolution: {integrity: sha512-sPU4uV7dYlvtWJxwwxHD0PuihVNiE7TyAbQ5SWxDCB9mUYvOgroQOwYQQOKPJ8CIbE+1ETVlOoK1UC2nU3gYvg==}
    engines: {node: '>= 0.6'}

  mime-types@2.1.35:
    resolution: {integrity: sha512-ZDY+bPm5zTTF+YpCrAU9nK0UgICYPT0QtT1NZWFv4s++TNkcgVaT0g6+4R2uI4MjQjzysHB1zxuWL50hzaeXiw==}
    engines: {node: '>= 0.6'}

  minimatch@9.0.5:
    resolution: {integrity: sha512-G6T0ZX48xgozx7587koeX9Ys2NYy6Gmv//P89sEte9V9whIapMNF4idKxnW2QtCcLiTWlb/wfCabAtAFWhhBow==}
    engines: {node: '>=16 || 14 >=14.17'}

  object-inspect@1.13.4:
    resolution: {integrity: sha512-W67iLl4J2EXEGTbfeHCffrjDfitvLANg0UlX3wFUUSTx92KXRFegMHUVgSqE+wvhAbi4WqjGg9czysTV2Epbew==}
    engines: {node: '>= 0.4'}

  proxy-from-env@1.1.0:
    resolution: {integrity: sha512-D+zkORCbA9f1tdWRK0RaCR3GPv50cMxcrz4X8k5LTSUD1Dkw47mKJEZQNunItRTkWwgtaUSo1RVFRIG9ZXiFYg==}

  punycode.js@2.3.1:
    resolution: {integrity: sha512-uxFIHU0YlHYhDQtV4R9J6a52SLx28BCjT+4ieh7IGbgwVJWO+km431c4yRlREUAsAmt/uMjQUyQHNEPf0M39CA==}
    engines: {node: '>=6'}

  qs@6.14.0:
    resolution: {integrity: sha512-YWWTjgABSKcvs/nWBi9PycY/JiPJqOD4JA6o9Sej2AtvSGarXxKC3OQSk4pAarbdQlKAh5D4FCQkJNkW+GAn3w==}
    engines: {node: '>=0.6'}

  react-dom@19.1.0:
    resolution: {integrity: sha512-Xs1hdnE+DyKgeHJeJznQmYMIBG3TKIHJJT95Q58nHLSrElKlGQqDTR2HQ9fx5CN/Gk6Vh/kupBTDLU11/nDk/g==}
    peerDependencies:
      react: ^19.1.0

  react-router-dom@7.6.3:
    resolution: {integrity: sha512-DiWJm9qdUAmiJrVWaeJdu4TKu13+iB/8IEi0EW/XgaHCjW/vWGrwzup0GVvaMteuZjKnh5bEvJP/K0MDnzawHw==}
    engines: {node: '>=20.0.0'}
    peerDependencies:
      react: '>=18'
      react-dom: '>=18'

  react-router@7.6.3:
    resolution: {integrity: sha512-zf45LZp5skDC6I3jDLXQUu0u26jtuP4lEGbc7BbdyxenBN1vJSTA18czM2D+h5qyMBuMrD+9uB+mU37HIoKGRA==}
    engines: {node: '>=20.0.0'}
    peerDependencies:
      react: '>=18'
      react-dom: '>=18'
    peerDependenciesMeta:
      react-dom:
        optional: true

  react@19.1.0:
    resolution: {integrity: sha512-FS+XFBNvn3GTAWq26joslQgWNoFu08F4kl0J4CgdNKADkdSGXQyTCnKteIAJy96Br6YbpEU1LSzV5dYtjMkMDg==}
    engines: {node: '>=0.10.0'}

  reflect-metadata@0.2.2:
    resolution: {integrity: sha512-urBwgfrvVP/eAyXx4hluJivBKzuEbSQs9rKWCrCkbSxNv8mxPcUZKeuoF3Uy4mJl3Lwprp6yy5/39VWigZ4K6Q==}

  rxjs@7.8.2:
    resolution: {integrity: sha512-dhKf903U/PQZY6boNNtAGdWbG85WAbjT/1xYoZIC7FAY0yWapOBQVsVrDl58W86//e1VpMNBtRV4MaXfdMySFA==}

  scheduler@0.26.0:
    resolution: {integrity: sha512-NlHwttCI/l5gCPR3D1nNXtWABUmBwvZpEQiD4IXSbIDq8BzLIK/7Ir5gTFSGZDUu37K5cMNp0hFtzO38sC7gWA==}

  set-cookie-parser@2.7.1:
    resolution: {integrity: sha512-IOc8uWeOZgnb3ptbCURJWNjWUPcO3ZnTTdzsurqERrP6nPyv+paC55vJM0LpOlT2ne+Ix+9+CRG1MNLlyZ4GjQ==}

  side-channel-list@1.0.0:
    resolution: {integrity: sha512-FCLHtRD/gnpCiCHEiJLOwdmFP+wzCmDEkc9y7NsYxeF4u7Btsn1ZuwgwJGxImImHicJArLP4R0yX4c2KCrMrTA==}
    engines: {node: '>= 0.4'}

  side-channel-map@1.0.1:
    resolution: {integrity: sha512-VCjCNfgMsby3tTdo02nbjtM/ewra6jPHmpThenkTYh8pG9ucZ/1P8So4u4FGBek/BjpOVsDCMoLA/iuBKIFXRA==}
    engines: {node: '>= 0.4'}

  side-channel-weakmap@1.0.2:
    resolution: {integrity: sha512-WPS/HvHQTYnHisLo9McqBHOJk2FkHO/tlpvldyrnem4aeQp4hai3gythswg6p01oSoTl58rcpiFAjF2br2Ak2A==}
    engines: {node: '>= 0.4'}

  side-channel@1.1.0:
    resolution: {integrity: sha512-ZX99e6tRweoUXqR+VBrslhda51Nh5MTQwou5tnUDgbtyM0dBgmhEDtWGP/xbKn6hqfPRHujUNwz5fy/wbbhnpw==}
    engines: {node: '>= 0.4'}

  tslib@2.8.1:
    resolution: {integrity: sha512-oJFu94HQb+KVduSUQL7wnpmqnfmLsOA/nAh6b6EH0wCEoK0/mPeXU6c3wKDV83MkOuHPRHtSXKKU99IBazS/2w==}

  typedoc@0.28.7:
    resolution: {integrity: sha512-lpz0Oxl6aidFkmS90VQDQjk/Qf2iw0IUvFqirdONBdj7jPSN9mGXhy66BcGNDxx5ZMyKKiBVAREvPEzT6Uxipw==}
    engines: {node: '>= 18', pnpm: '>= 10'}
    hasBin: true
    peerDependencies:
      typescript: 5.0.x || 5.1.x || 5.2.x || 5.3.x || 5.4.x || 5.5.x || 5.6.x || 5.7.x || 5.8.x

  typescript@4.9.5:
    resolution: {integrity: sha512-1FXk9E2Hm+QzZQ7z+McJiHL4NW1F2EzMu9Nq9i3zAaGqibafqYwCVU6WyWAuyQRRzOlxou8xZSyXLEN8oKj24g==}
    engines: {node: '>=4.2.0'}
    hasBin: true

  uc.micro@2.1.0:
    resolution: {integrity: sha512-ARDJmphmdvUk6Glw7y9DQ2bFkKBHwQHLi2lsaH6PPmz/Ka9sFOBsBluozhDltWmnv9u/cF6Rt87znRTPV+yp/A==}

  undici-types@6.19.8:
    resolution: {integrity: sha512-ve2KP6f/JnbPBFyobGHuerC9g1FYGn/F8n1LWTwNxCEzd6IfqTwUQcNXgEtmmQ6DlRrC1hrSrBnCZPokRrDHjw==}

  validator@13.15.15:
    resolution: {integrity: sha512-BgWVbCI72aIQy937xbawcs+hrVaN/CZ2UwutgaJ36hGqRrLNM+f5LUT/YPRbo8IV/ASeFzXszezV+y2+rq3l8A==}
    engines: {node: '>= 0.10'}

  yaml@2.8.0:
    resolution: {integrity: sha512-4lLa/EcQCB0cJkyts+FpIRx5G/llPxfP6VQU5KByHEhLxY3IJCH0f0Hy1MHI8sClTvsIb8qwRJ6R/ZdlDJ/leQ==}
    engines: {node: '>= 14.6'}
    hasBin: true

snapshots:

  '@geckoai/class-mirror@1.0.2': {}

  '@geckoai/class-transformer@1.0.2':
    dependencies:
      '@geckoai/class-mirror': 1.0.2
      '@types/validator': 13.15.2
      validator: 13.15.15

  '@geckoai/gecko-core@1.0.3(reflect-metadata@0.2.2)(typescript@4.9.5)':
    dependencies:
      '@geckoai/class-mirror': 1.0.2
      '@types/node': 20.16.5
      inversify: 7.6.1(reflect-metadata@0.2.2)
      rxjs: 7.8.2
      typescript: 4.9.5
    transitivePeerDependencies:
      - reflect-metadata

  '@geckoai/http@2.0.2':
    dependencies:
      '@geckoai/class-mirror': 1.0.2
      '@geckoai/class-transformer': 1.0.2
      axios: 1.10.0
      rxjs: 7.8.2
    transitivePeerDependencies:
      - debug

  '@geckoai/platform-react@1.0.11(react@19.1.0)(reflect-metadata@0.2.2)(typescript@4.9.5)':
    dependencies:
      '@geckoai/class-mirror': 1.0.2
      '@geckoai/gecko-core': 1.0.3(reflect-metadata@0.2.2)(typescript@4.9.5)
      '@types/lodash.merge': 4.6.9
      '@types/react': 19.1.8
      '@types/react-dom': 19.1.6(@types/react@19.1.8)
      lodash.merge: 4.6.2
      react: 19.1.0
      react-dom: 19.1.0(react@19.1.0)
      react-router-dom: 7.6.3(react-dom@19.1.0(react@19.1.0))(react@19.1.0)
      rxjs: 7.8.2
      typescript: 4.9.5
    transitivePeerDependencies:
      - reflect-metadata

  '@gerrit0/mini-shiki@3.8.0':
    dependencies:
      '@shikijs/engine-oniguruma': 3.8.0
      '@shikijs/langs': 3.8.0
      '@shikijs/themes': 3.8.0
      '@shikijs/types': 3.8.0
      '@shikijs/vscode-textmate': 10.0.2

  '@inversifyjs/common@1.5.2': {}

  '@inversifyjs/container@1.11.1(reflect-metadata@0.2.2)':
    dependencies:
      '@inversifyjs/common': 1.5.2
      '@inversifyjs/core': 5.4.0(reflect-metadata@0.2.2)
      '@inversifyjs/plugin': 0.2.0
      '@inversifyjs/reflect-metadata-utils': 1.2.0(reflect-metadata@0.2.2)
      reflect-metadata: 0.2.2

  '@inversifyjs/core@5.4.0(reflect-metadata@0.2.2)':
    dependencies:
      '@inversifyjs/common': 1.5.2
      '@inversifyjs/prototype-utils': 0.1.2
      '@inversifyjs/reflect-metadata-utils': 1.2.0(reflect-metadata@0.2.2)
    transitivePeerDependencies:
      - reflect-metadata

  '@inversifyjs/plugin@0.2.0': {}

  '@inversifyjs/prototype-utils@0.1.2':
    dependencies:
      '@inversifyjs/common': 1.5.2

  '@inversifyjs/reflect-metadata-utils@1.2.0(reflect-metadata@0.2.2)':
    dependencies:
      reflect-metadata: 0.2.2

  '@shikijs/engine-oniguruma@3.8.0':
    dependencies:
      '@shikijs/types': 3.8.0
      '@shikijs/vscode-textmate': 10.0.2

  '@shikijs/langs@3.8.0':
    dependencies:
      '@shikijs/types': 3.8.0

  '@shikijs/themes@3.8.0':
    dependencies:
      '@shikijs/types': 3.8.0

  '@shikijs/types@3.8.0':
    dependencies:
      '@shikijs/vscode-textmate': 10.0.2
      '@types/hast': 3.0.4

  '@shikijs/vscode-textmate@10.0.2': {}

  '@types/hast@3.0.4':
    dependencies:
      '@types/unist': 3.0.3

  '@types/lodash.merge@4.6.9':
    dependencies:
      '@types/lodash': 4.17.20

  '@types/lodash@4.17.20': {}

  '@types/node@20.16.5':
    dependencies:
      undici-types: 6.19.8

  '@types/qs@6.14.0': {}

  '@types/react-dom@19.1.6(@types/react@19.1.8)':
    dependencies:
      '@types/react': 19.1.8

  '@types/react@19.1.8':
    dependencies:
      csstype: 3.1.3

  '@types/unist@3.0.3': {}

  '@types/validator@13.15.2': {}

  argparse@2.0.1: {}

  asynckit@0.4.0: {}

  axios@1.10.0:
    dependencies:
      follow-redirects: 1.15.9
      form-data: 4.0.3
      proxy-from-env: 1.1.0
    transitivePeerDependencies:
      - debug

  balanced-match@1.0.2: {}

  brace-expansion@2.0.2:
    dependencies:
      balanced-match: 1.0.2

  call-bind-apply-helpers@1.0.2:
    dependencies:
      es-errors: 1.3.0
      function-bind: 1.1.2

  call-bound@1.0.4:
    dependencies:
      call-bind-apply-helpers: 1.0.2
      get-intrinsic: 1.3.0

  combined-stream@1.0.8:
    dependencies:
      delayed-stream: 1.0.0

  cookie@1.0.2: {}

  csstype@3.1.3: {}

  delayed-stream@1.0.0: {}

  dunder-proto@1.0.1:
    dependencies:
      call-bind-apply-helpers: 1.0.2
      es-errors: 1.3.0
      gopd: 1.2.0

  entities@4.5.0: {}

  es-define-property@1.0.1: {}

  es-errors@1.3.0: {}

  es-object-atoms@1.1.1:
    dependencies:
      es-errors: 1.3.0

  es-set-tostringtag@2.1.0:
    dependencies:
      es-errors: 1.3.0
      get-intrinsic: 1.3.0
      has-tostringtag: 1.0.2
      hasown: 2.0.2

  follow-redirects@1.15.9: {}

  form-data@4.0.3:
    dependencies:
      asynckit: 0.4.0
      combined-stream: 1.0.8
      es-set-tostringtag: 2.1.0
      hasown: 2.0.2
      mime-types: 2.1.35

  function-bind@1.1.2: {}

  get-intrinsic@1.3.0:
    dependencies:
      call-bind-apply-helpers: 1.0.2
      es-define-property: 1.0.1
      es-errors: 1.3.0
      es-object-atoms: 1.1.1
      function-bind: 1.1.2
      get-proto: 1.0.1
      gopd: 1.2.0
      has-symbols: 1.1.0
      hasown: 2.0.2
      math-intrinsics: 1.1.0

  get-proto@1.0.1:
    dependencies:
      dunder-proto: 1.0.1
      es-object-atoms: 1.1.1

  gopd@1.2.0: {}

  has-symbols@1.1.0: {}

  has-tostringtag@1.0.2:
    dependencies:
      has-symbols: 1.1.0

  hasown@2.0.2:
    dependencies:
      function-bind: 1.1.2

  inversify@7.6.1(reflect-metadata@0.2.2):
    dependencies:
      '@inversifyjs/common': 1.5.2
      '@inversifyjs/container': 1.11.1(reflect-metadata@0.2.2)
      '@inversifyjs/core': 5.4.0(reflect-metadata@0.2.2)
      reflect-metadata: 0.2.2

  linkify-it@5.0.0:
    dependencies:
      uc.micro: 2.1.0

  lodash.merge@4.6.2: {}

  lunr@2.3.9: {}

  markdown-it@14.1.0:
    dependencies:
      argparse: 2.0.1
      entities: 4.5.0
      linkify-it: 5.0.0
      mdurl: 2.0.0
      punycode.js: 2.3.1
      uc.micro: 2.1.0

  math-intrinsics@1.1.0: {}

  mdurl@2.0.0: {}

  mime-db@1.52.0: {}

  mime-types@2.1.35:
    dependencies:
      mime-db: 1.52.0

  minimatch@9.0.5:
    dependencies:
      brace-expansion: 2.0.2

  object-inspect@1.13.4: {}

  proxy-from-env@1.1.0: {}

  punycode.js@2.3.1: {}

  qs@6.14.0:
    dependencies:
      side-channel: 1.1.0

  react-dom@19.1.0(react@19.1.0):
    dependencies:
      react: 19.1.0
      scheduler: 0.26.0

  react-router-dom@7.6.3(react-dom@19.1.0(react@19.1.0))(react@19.1.0):
    dependencies:
      react: 19.1.0
      react-dom: 19.1.0(react@19.1.0)
      react-router: 7.6.3(react-dom@19.1.0(react@19.1.0))(react@19.1.0)

  react-router@7.6.3(react-dom@19.1.0(react@19.1.0))(react@19.1.0):
    dependencies:
      cookie: 1.0.2
      react: 19.1.0
      set-cookie-parser: 2.7.1
    optionalDependencies:
      react-dom: 19.1.0(react@19.1.0)

  react@19.1.0: {}

  reflect-metadata@0.2.2: {}

  rxjs@7.8.2:
    dependencies:
      tslib: 2.8.1

  scheduler@0.26.0: {}

  set-cookie-parser@2.7.1: {}

  side-channel-list@1.0.0:
    dependencies:
      es-errors: 1.3.0
      object-inspect: 1.13.4

  side-channel-map@1.0.1:
    dependencies:
      call-bound: 1.0.4
      es-errors: 1.3.0
      get-intrinsic: 1.3.0
      object-inspect: 1.13.4

  side-channel-weakmap@1.0.2:
    dependencies:
      call-bound: 1.0.4
      es-errors: 1.3.0
      get-intrinsic: 1.3.0
      object-inspect: 1.13.4
      side-channel-map: 1.0.1

  side-channel@1.1.0:
    dependencies:
      es-errors: 1.3.0
      object-inspect: 1.13.4
      side-channel-list: 1.0.0
      side-channel-map: 1.0.1
      side-channel-weakmap: 1.0.2

  tslib@2.8.1: {}

  typedoc@0.28.7(typescript@4.9.5):
    dependencies:
      '@gerrit0/mini-shiki': 3.8.0
      lunr: 2.3.9
      markdown-it: 14.1.0
      minimatch: 9.0.5
      typescript: 4.9.5
      yaml: 2.8.0

  typescript@4.9.5: {}

  uc.micro@2.1.0: {}

  undici-types@6.19.8: {}

  validator@13.15.15: {}

  yaml@2.8.0: {}
